
Microsoft Visual Studio Solution File, Format Version 12.00
# Visual Studio Version 16
VisualStudioVersion = 25.0.1706.9
MinimumVisualStudioVersion = 10.0.40219.1
Project("{FAE04EC0-301F-11D3-BF4B-00C04F79EFBC}") = "GeometryLib", "GeometryLib\GeometryLib.csproj", "{9F08549A-D8E0-42F4-BEBF-69F73D90146F}"
EndProject
Project("{FAE04EC0-301F-11D3-BF4B-00C04F79EFBC}") = "GeometryLibTests", "GeometryLibTests\GeometryLibTests.csproj", "{218127EE-BD3C-40A4-A9AD-4ED7170FF95A}"
EndProject
Global
	GlobalSection(SolutionConfigurationPlatforms) = preSolution
		Debug|Any CPU = Debug|Any CPU
		Release|Any CPU = Release|Any CPU
	EndGlobalSection
	GlobalSection(ProjectConfigurationPlatforms) = postSolution
		{9F08549A-D8E0-42F4-BEBF-69F73D90146F}.Debug|Any CPU.ActiveCfg = Debug|Any CPU
		{9F08549A-D8E0-42F4-BEBF-69F73D90146F}.Debug|Any CPU.Build.0 = Debug|Any CPU
		{9F08549A-D8E0-42F4-BEBF-69F73D90146F}.Release|Any CPU.ActiveCfg = Release|Any CPU
		{9F08549A-D8E0-42F4-BEBF-69F73D90146F}.Release|Any CPU.Build.0 = Release|Any CPU
		{218127EE-BD3C-40A4-A9AD-4ED7170FF95A}.Debug|Any CPU.ActiveCfg = Debug|Any CPU
		{218127EE-BD3C-40A4-A9AD-4ED7170FF95A}.Debug|Any CPU.Build.0 = Debug|Any CPU
		{218127EE-BD3C-40A4-A9AD-4ED7170FF95A}.Release|Any CPU.ActiveCfg = Release|Any CPU
		{218127EE-BD3C-40A4-A9AD-4ED7170FF95A}.Release|Any CPU.Build.0 = Release|Any CPU
	EndGlobalSection
	GlobalSection(SolutionProperties) = preSolution
		HideSolutionNode = FALSE
	EndGlobalSection
	GlobalSection(ExtensibilityGlobals) = postSolution
		SolutionGuid = {21963C6C-67B0-4EF4-B6CD-324C8F08F8D9}
	EndGlobalSection
EndGlobal
